
Microsoft Visual Studio Solution File, Format Version 12.00
# Visual Studio Version 16
VisualStudioVersion = 16.0.31321.278
MinimumVisualStudioVersion = 10.0.40219.1
Project("{FAE04EC0-301F-11D3-BF4B-00C04F79EFBC}") = "EZParkin.API", "EZParkin.API\EZParkin.API.csproj", "{224CD8C3-BF65-407B-80E7-527A61880D83}"
EndProject
Global
	GlobalSection(SolutionConfigurationPlatforms) = preSolution
		Debug|Any CPU = Debug|Any CPU
		Release|Any CPU = Release|Any CPU
	EndGlobalSection
	GlobalSection(ProjectConfigurationPlatforms) = postSolution
		{224CD8C3-BF65-407B-80E7-527A61880D83}.Debug|Any CPU.ActiveCfg = Debug|Any CPU
		{224CD8C3-BF65-407B-80E7-527A61880D83}.Debug|Any CPU.Build.0 = Debug|Any CPU
		{224CD8C3-BF65-407B-80E7-527A61880D83}.Release|Any CPU.ActiveCfg = Release|Any CPU
		{224CD8C3-BF65-407B-80E7-527A61880D83}.Release|Any CPU.Build.0 = Release|Any CPU
	EndGlobalSection
	GlobalSection(SolutionProperties) = preSolution
		HideSolutionNode = FALSE
	EndGlobalSection
	GlobalSection(ExtensibilityGlobals) = postSolution
		SolutionGuid = {3287D6A9-E524-4673-9E38-2234F3EB722D}
	EndGlobalSection
EndGlobal
